// !$*UTF8*$!
{
	archiveVersion = 1;
	classes = {
	};
	objectVersion = 54;
	objects = {

/* Begin PBXBuildFile section */
		022EA8B927E4D437003F4E3C /* ShopViewRouter.swift in Sources */ = {isa = PBXBuildFile; fileRef = 022EA8B827E4D437003F4E3C /* ShopViewRouter.swift */; };
		022EA8BE27E4D47A003F4E3C /* ShopRootView.swift in Sources */ = {isa = PBXBuildFile; fileRef = 022EA8BD27E4D47A003F4E3C /* ShopRootView.swift */; };
		022EA8C327E4D4C3003F4E3C /* ShopProfileScreen.swift in Sources */ = {isa = PBXBuildFile; fileRef = 022EA8C227E4D4C3003F4E3C /* ShopProfileScreen.swift */; };
		022EA8FF27E71FD8003F4E3C /* PSImagePicker.swift in Sources */ = {isa = PBXBuildFile; fileRef = 022EA8FE27E71FD8003F4E3C /* PSImagePicker.swift */; };
		022EA90427E731F0003F4E3C /* VendorViewModel.swift in Sources */ = {isa = PBXBuildFile; fileRef = 022EA90327E731F0003F4E3C /* VendorViewModel.swift */; };
		022F3AAD280859A000390DE5 /* CustomerFavouritesScreen.swift in Sources */ = {isa = PBXBuildFile; fileRef = 022F3AAC280859A000390DE5 /* CustomerFavouritesScreen.swift */; };
		027B44F027FC31A300A544E7 /* PSBadge.swift in Sources */ = {isa = PBXBuildFile; fileRef = 027B44EF27FC31A300A544E7 /* PSBadge.swift */; };
		02AD41C427DEFC9100F44822 /* Poppins-Medium.ttf in Resources */ = {isa = PBXBuildFile; fileRef = 02AD41C027DEFC9100F44822 /* Poppins-Medium.ttf */; };
		02AD41C527DEFC9100F44822 /* Poppins-Regular.ttf in Resources */ = {isa = PBXBuildFile; fileRef = 02AD41C127DEFC9100F44822 /* Poppins-Regular.ttf */; };
		02AD41C627DEFC9100F44822 /* Poppins-Bold.ttf in Resources */ = {isa = PBXBuildFile; fileRef = 02AD41C227DEFC9100F44822 /* Poppins-Bold.ttf */; };
		02AD41C727DEFC9100F44822 /* Poppins-Black.ttf in Resources */ = {isa = PBXBuildFile; fileRef = 02AD41C327DEFC9100F44822 /* Poppins-Black.ttf */; };
		02AD41D027DEFCCE00F44822 /* Color+PocketShop.swift in Sources */ = {isa = PBXBuildFile; fileRef = 02AD41CF27DEFCCE00F44822 /* Color+PocketShop.swift */; };
		02AD41D827DEFCEA00F44822 /* Font+PocketShop.swift in Sources */ = {isa = PBXBuildFile; fileRef = 02AD41D727DEFCEA00F44822 /* Font+PocketShop.swift */; };
		02AD41DD27DEFD0B00F44822 /* Constants.swift in Sources */ = {isa = PBXBuildFile; fileRef = 02AD41DC27DEFD0B00F44822 /* Constants.swift */; };
		02AD41FD27DF024A00F44822 /* CustomerSearchScreen.swift in Sources */ = {isa = PBXBuildFile; fileRef = 02AD41FC27DF024900F44822 /* CustomerSearchScreen.swift */; };
		02AD420527DF027200F44822 /* CustomerCartScreen.swift in Sources */ = {isa = PBXBuildFile; fileRef = 02AD420427DF027200F44822 /* CustomerCartScreen.swift */; };
		02AD420A27DF028900F44822 /* CustomerProfileScreen.swift in Sources */ = {isa = PBXBuildFile; fileRef = 02AD420927DF028900F44822 /* CustomerProfileScreen.swift */; };
		02AD421127DF1BDE00F44822 /* MainViewRouter.swift in Sources */ = {isa = PBXBuildFile; fileRef = 02AD421027DF1BDE00F44822 /* MainViewRouter.swift */; };
		02AD421927DF1CFF00F44822 /* LoginScreen.swift in Sources */ = {isa = PBXBuildFile; fileRef = 02AD421827DF1CFF00F44822 /* LoginScreen.swift */; };
		02AD421E27DF1D3100F44822 /* CustomerViewRouter.swift in Sources */ = {isa = PBXBuildFile; fileRef = 02AD421D27DF1D3100F44822 /* CustomerViewRouter.swift */; };
		02AD422327DF1D7200F44822 /* CustomerRootView.swift in Sources */ = {isa = PBXBuildFile; fileRef = 02AD422227DF1D7200F44822 /* CustomerRootView.swift */; };
		02AD422C27DF1FC700F44822 /* LoginViewModel.swift in Sources */ = {isa = PBXBuildFile; fileRef = 02AD422B27DF1FC700F44822 /* LoginViewModel.swift */; };
		02AD423527DF28FD00F44822 /* PSTextField.swift in Sources */ = {isa = PBXBuildFile; fileRef = 02AD423427DF28FD00F44822 /* PSTextField.swift */; };
		02AD423D27DF293A00F44822 /* PSSecureField.swift in Sources */ = {isa = PBXBuildFile; fileRef = 02AD423C27DF293A00F44822 /* PSSecureField.swift */; };
		02AD424227DF294C00F44822 /* PSButton.swift in Sources */ = {isa = PBXBuildFile; fileRef = 02AD424127DF294C00F44822 /* PSButton.swift */; };
		02AD424727DF2D8200F44822 /* RegisterScreen.swift in Sources */ = {isa = PBXBuildFile; fileRef = 02AD424627DF2D8200F44822 /* RegisterScreen.swift */; };
		02AD424C27DF2FB800F44822 /* RegisterViewModel.swift in Sources */ = {isa = PBXBuildFile; fileRef = 02AD424B27DF2FB800F44822 /* RegisterViewModel.swift */; };
		02AD425F27E07F2800F44822 /* PSRadioButtonGroup.swift in Sources */ = {isa = PBXBuildFile; fileRef = 02AD425E27E07F2800F44822 /* PSRadioButtonGroup.swift */; };
		2B4AA4C3280AB50E00F61438 /* CouponListView.swift in Sources */ = {isa = PBXBuildFile; fileRef = 2B4AA4C2280AB50E00F61438 /* CouponListView.swift */; };
		2B4AA4C5280ABDE000F61438 /* CouponRedemptionView.swift in Sources */ = {isa = PBXBuildFile; fileRef = 2B4AA4C4280ABDE000F61438 /* CouponRedemptionView.swift */; };
		2B54157D27F5AD0400B9C758 /* OrderViewModel.swift in Sources */ = {isa = PBXBuildFile; fileRef = 2B54157C27F5AD0400B9C758 /* OrderViewModel.swift */; };
		2B63EB8A27E23269008D5747 /* CustomerOrderScreen.swift in Sources */ = {isa = PBXBuildFile; fileRef = 2B63EB8927E23269008D5747 /* CustomerOrderScreen.swift */; };
		2B786B4A27E33F1600834CA4 /* RingView.swift in Sources */ = {isa = PBXBuildFile; fileRef = 2B786B4927E33F1600834CA4 /* RingView.swift */; };
		AD15B39827E36E9B00513809 /* DBShop.swift in Sources */ = {isa = PBXBuildFile; fileRef = AD15B39727E36E9B00513809 /* DBShop.swift */; };
		AD15B39A27E3968B00513809 /* User.swift in Sources */ = {isa = PBXBuildFile; fileRef = AD15B39927E3968B00513809 /* User.swift */; };
		AD15B39D27E465BD00513809 /* ShopSchema.swift in Sources */ = {isa = PBXBuildFile; fileRef = AD15B39C27E465BD00513809 /* ShopSchema.swift */; };
		AD15B39F27E4673400513809 /* ProductSchema.swift in Sources */ = {isa = PBXBuildFile; fileRef = AD15B39E27E4673400513809 /* ProductSchema.swift */; };
		AD15B3A127E46C9E00513809 /* DBProducts.swift in Sources */ = {isa = PBXBuildFile; fileRef = AD15B3A027E46C9E00513809 /* DBProducts.swift */; };
		AD15B3A327E59DF900513809 /* OrderProductSchema.swift in Sources */ = {isa = PBXBuildFile; fileRef = AD15B3A227E59DF900513809 /* OrderProductSchema.swift */; };
		AD15B3A527E59E5600513809 /* OrderSchema.swift in Sources */ = {isa = PBXBuildFile; fileRef = AD15B3A427E59E5600513809 /* OrderSchema.swift */; };
		AD15B3A727E5A1A900513809 /* DBOrders.swift in Sources */ = {isa = PBXBuildFile; fileRef = AD15B3A627E5A1A900513809 /* DBOrders.swift */; };
		AD15B3A927E5D2A600513809 /* DBStorage.swift in Sources */ = {isa = PBXBuildFile; fileRef = AD15B3A827E5D2A600513809 /* DBStorage.swift */; };
		AD7A9C0927EF03C80069B70C /* DatabaseEvent.swift in Sources */ = {isa = PBXBuildFile; fileRef = AD7A9C0827EF03C80069B70C /* DatabaseEvent.swift */; };
		ADAD28F327F4A0BB00CDE510 /* CartProduct.swift in Sources */ = {isa = PBXBuildFile; fileRef = ADAD28F127F4A0BB00CDE510 /* CartProduct.swift */; };
		ADAD28F427F4A0BB00CDE510 /* ProductOption.swift in Sources */ = {isa = PBXBuildFile; fileRef = ADAD28F227F4A0BB00CDE510 /* ProductOption.swift */; };
		ADAD28F627F4A0D400CDE510 /* CartProductSchema.swift in Sources */ = {isa = PBXBuildFile; fileRef = ADAD28F527F4A0D400CDE510 /* CartProductSchema.swift */; };
		ADAD28F827F4A0F600CDE510 /* DBCart.swift in Sources */ = {isa = PBXBuildFile; fileRef = ADAD28F727F4A0F600CDE510 /* DBCart.swift */; };
		ADAD28FC2801834900CDE510 /* Location.swift in Sources */ = {isa = PBXBuildFile; fileRef = ADAD28FB2801834900CDE510 /* Location.swift */; };
		ADAD28FE2806C1F300CDE510 /* DBLocation.swift in Sources */ = {isa = PBXBuildFile; fileRef = ADAD28FD2806C1F200CDE510 /* DBLocation.swift */; };
		ADAD29002807FE4500CDE510 /* CustomerSchema.swift in Sources */ = {isa = PBXBuildFile; fileRef = ADAD28FF2807FE4500CDE510 /* CustomerSchema.swift */; };
		ADAD2902280A890600CDE510 /* ID.swift in Sources */ = {isa = PBXBuildFile; fileRef = ADAD2901280A890600CDE510 /* ID.swift */; };
		ADAD2904280A8A5300CDE510 /* LocationSchema.swift in Sources */ = {isa = PBXBuildFile; fileRef = ADAD2903280A8A5300CDE510 /* LocationSchema.swift */; };
		ADAD2906280A8ABF00CDE510 /* VendorSchema.swift in Sources */ = {isa = PBXBuildFile; fileRef = ADAD2905280A8ABF00CDE510 /* VendorSchema.swift */; };
		ADAD9ED927D88C5B00DE0EE7 /* PocketShopApp.swift in Sources */ = {isa = PBXBuildFile; fileRef = ADAD9ED827D88C5B00DE0EE7 /* PocketShopApp.swift */; };
		ADAD9EDB27D88C5B00DE0EE7 /* ContentView.swift in Sources */ = {isa = PBXBuildFile; fileRef = ADAD9EDA27D88C5B00DE0EE7 /* ContentView.swift */; };
		ADAD9EDD27D88C5C00DE0EE7 /* Assets.xcassets in Resources */ = {isa = PBXBuildFile; fileRef = ADAD9EDC27D88C5C00DE0EE7 /* Assets.xcassets */; };
		ADAD9EE027D88C5C00DE0EE7 /* Preview Assets.xcassets in Resources */ = {isa = PBXBuildFile; fileRef = ADAD9EDF27D88C5C00DE0EE7 /* Preview Assets.xcassets */; };
		ADAD9EEA27D88C5D00DE0EE7 /* PocketShopTests.swift in Sources */ = {isa = PBXBuildFile; fileRef = ADAD9EE927D88C5D00DE0EE7 /* PocketShopTests.swift */; };
		ADAD9EF427D88C5D00DE0EE7 /* PocketShopUITests.swift in Sources */ = {isa = PBXBuildFile; fileRef = ADAD9EF327D88C5D00DE0EE7 /* PocketShopUITests.swift */; };
		ADAD9EF627D88C5D00DE0EE7 /* PocketShopUITestsLaunchTests.swift in Sources */ = {isa = PBXBuildFile; fileRef = ADAD9EF527D88C5D00DE0EE7 /* PocketShopUITestsLaunchTests.swift */; };
		ADAD9F0427DA391800DE0EE7 /* Customer.swift in Sources */ = {isa = PBXBuildFile; fileRef = ADAD9F0327DA391800DE0EE7 /* Customer.swift */; };
		ADAD9F0627DA39AA00DE0EE7 /* Shop.swift in Sources */ = {isa = PBXBuildFile; fileRef = ADAD9F0527DA39AA00DE0EE7 /* Shop.swift */; };
		ADAD9F0827DA3C6200DE0EE7 /* Product.swift in Sources */ = {isa = PBXBuildFile; fileRef = ADAD9F0727DA3C6200DE0EE7 /* Product.swift */; };
		ADAD9F0A27DA3F2D00DE0EE7 /* Order.swift in Sources */ = {isa = PBXBuildFile; fileRef = ADAD9F0927DA3F2D00DE0EE7 /* Order.swift */; };
		ADAD9F0C27DA3FDA00DE0EE7 /* OrderStatus.swift in Sources */ = {isa = PBXBuildFile; fileRef = ADAD9F0B27DA3FDA00DE0EE7 /* OrderStatus.swift */; };
		ADAD9F0E27DA413B00DE0EE7 /* OrderProduct.swift in Sources */ = {isa = PBXBuildFile; fileRef = ADAD9F0D27DA413B00DE0EE7 /* OrderProduct.swift */; };
		ADAD9F1427DCC6FF00DE0EE7 /* GoogleService-Info.plist in Resources */ = {isa = PBXBuildFile; fileRef = ADAD9F1327DCC6FF00DE0EE7 /* GoogleService-Info.plist */; };
		ADAD9F1727DCC94800DE0EE7 /* FirebaseAuth in Frameworks */ = {isa = PBXBuildFile; productRef = ADAD9F1627DCC94800DE0EE7 /* FirebaseAuth */; };
		ADAD9F1927DCC94800DE0EE7 /* FirebaseDatabase in Frameworks */ = {isa = PBXBuildFile; productRef = ADAD9F1827DCC94800DE0EE7 /* FirebaseDatabase */; };
		ADAD9F1B27DCC94800DE0EE7 /* FirebaseStorage in Frameworks */ = {isa = PBXBuildFile; productRef = ADAD9F1A27DCC94800DE0EE7 /* FirebaseStorage */; };
		ADAD9F1E27DCCC9D00DE0EE7 /* AuthManager.swift in Sources */ = {isa = PBXBuildFile; fileRef = ADAD9F1D27DCCC9D00DE0EE7 /* AuthManager.swift */; };
		ADAD9F2027DCCD7100DE0EE7 /* FirebaseManager.swift in Sources */ = {isa = PBXBuildFile; fileRef = ADAD9F1F27DCCD7100DE0EE7 /* FirebaseManager.swift */; };
		ADAD9F2327DDDB3600DE0EE7 /* AuthAdapter.swift in Sources */ = {isa = PBXBuildFile; fileRef = ADAD9F2227DDDB3600DE0EE7 /* AuthAdapter.swift */; };
		ADAD9F2527DDDDD700DE0EE7 /* AuthError.swift in Sources */ = {isa = PBXBuildFile; fileRef = ADAD9F2427DDDDD700DE0EE7 /* AuthError.swift */; };
		ADAD9F2927DDE68C00DE0EE7 /* DBUsers.swift in Sources */ = {isa = PBXBuildFile; fileRef = ADAD9F2827DDE68C00DE0EE7 /* DBUsers.swift */; };
		ADAD9F2B27DDE7B400DE0EE7 /* Vendor.swift in Sources */ = {isa = PBXBuildFile; fileRef = ADAD9F2A27DDE7B400DE0EE7 /* Vendor.swift */; };
		ADAD9F2D27DDEB2100DE0EE7 /* DatabaseManager.swift in Sources */ = {isa = PBXBuildFile; fileRef = ADAD9F2C27DDEB2100DE0EE7 /* DatabaseManager.swift */; };
		ADAD9F3027DDEB8900DE0EE7 /* DatabaseAdapter.swift in Sources */ = {isa = PBXBuildFile; fileRef = ADAD9F2F27DDEB8900DE0EE7 /* DatabaseAdapter.swift */; };
		ADAD9F3327DF7C3400DE0EE7 /* DatabaseError.swift in Sources */ = {isa = PBXBuildFile; fileRef = ADAD9F3227DF7C3400DE0EE7 /* DatabaseError.swift */; };
		ADAD9F3527DFBBF600DE0EE7 /* DatabaseInterface.swift in Sources */ = {isa = PBXBuildFile; fileRef = ADAD9F3427DFBBF600DE0EE7 /* DatabaseInterface.swift */; };
		DF0BA5E528087F3B00D58696 /* LocationsScrollView.swift in Sources */ = {isa = PBXBuildFile; fileRef = DF0BA5E428087F3B00D58696 /* LocationsScrollView.swift */; };
		DF0BA5E72808805C00D58696 /* LocationSummaryView.swift in Sources */ = {isa = PBXBuildFile; fileRef = DF0BA5E62808805C00D58696 /* LocationSummaryView.swift */; };
		DF0BA5E92808818200D58696 /* CustomerLocationView.swift in Sources */ = {isa = PBXBuildFile; fileRef = DF0BA5E82808818200D58696 /* CustomerLocationView.swift */; };
		DF0BA5EB2808890F00D58696 /* ShopListView.swift in Sources */ = {isa = PBXBuildFile; fileRef = DF0BA5EA2808890F00D58696 /* ShopListView.swift */; };
		DF0BA5EF2808BFFD00D58696 /* ProductDetailView.swift in Sources */ = {isa = PBXBuildFile; fileRef = DF0BA5EE2808BFFD00D58696 /* ProductDetailView.swift */; };
		DF0BA5F12809862D00D58696 /* ShopProductListView.swift in Sources */ = {isa = PBXBuildFile; fileRef = DF0BA5F02809862D00D58696 /* ShopProductListView.swift */; };
		DF34150427F9C56400CC945C /* ShopOrderScreen.swift in Sources */ = {isa = PBXBuildFile; fileRef = DF3414FD27F9C56300CC945C /* ShopOrderScreen.swift */; };
		DF34150527F9C56400CC945C /* ShopProductFormView.swift in Sources */ = {isa = PBXBuildFile; fileRef = DF3414FE27F9C56300CC945C /* ShopProductFormView.swift */; };
		DF34150627F9C56400CC945C /* ShopHomeScreen.swift in Sources */ = {isa = PBXBuildFile; fileRef = DF3414FF27F9C56300CC945C /* ShopHomeScreen.swift */; };
		DF34150727F9C56400CC945C /* ShopFormView.swift in Sources */ = {isa = PBXBuildFile; fileRef = DF34150027F9C56300CC945C /* ShopFormView.swift */; };
		DF34150827F9C56400CC945C /* ShopProductsView.swift in Sources */ = {isa = PBXBuildFile; fileRef = DF34150127F9C56300CC945C /* ShopProductsView.swift */; };
		DF34150927F9C56400CC945C /* ShopProductEditFormView.swift in Sources */ = {isa = PBXBuildFile; fileRef = DF34150227F9C56400CC945C /* ShopProductEditFormView.swift */; };
		DF34150A27F9C56400CC945C /* ShopEditFormView.swift in Sources */ = {isa = PBXBuildFile; fileRef = DF34150327F9C56400CC945C /* ShopEditFormView.swift */; };
		DF67101927DE5FF6002C5AE0 /* CustomerHomeScreen.swift in Sources */ = {isa = PBXBuildFile; fileRef = DF67101827DE5FF6002C5AE0 /* CustomerHomeScreen.swift */; };
		DF67101B27DE6179002C5AE0 /* CustomerViewModel.swift in Sources */ = {isa = PBXBuildFile; fileRef = DF67101A27DE6179002C5AE0 /* CustomerViewModel.swift */; };
		DF67101E27DE769E002C5AE0 /* PSSearchBarView.swift in Sources */ = {isa = PBXBuildFile; fileRef = DF67101D27DE769E002C5AE0 /* PSSearchBarView.swift */; };
		DF67102027DE7A8D002C5AE0 /* ProductSummaryView.swift in Sources */ = {isa = PBXBuildFile; fileRef = DF67101F27DE7A8D002C5AE0 /* ProductSummaryView.swift */; };
		DF86A0DD27E7004700D8423C /* ImageLoader.swift in Sources */ = {isa = PBXBuildFile; fileRef = DF86A0DC27E7004700D8423C /* ImageLoader.swift */; };
		DF86A0DF27E70C7B00D8423C /* URLImage.swift in Sources */ = {isa = PBXBuildFile; fileRef = DF86A0DE27E70C7B00D8423C /* URLImage.swift */; };
		DF86A0E127E7324000D8423C /* ProductOrderBar.swift in Sources */ = {isa = PBXBuildFile; fileRef = DF86A0E027E7324000D8423C /* ProductOrderBar.swift */; };
		DFD49A0327E4B9010067BC32 /* CustomerShopView.swift in Sources */ = {isa = PBXBuildFile; fileRef = DFD49A0227E4B9010067BC32 /* CustomerShopView.swift */; };
		DFD49A0527E4E87B0067BC32 /* ProductListView.swift in Sources */ = {isa = PBXBuildFile; fileRef = DFD49A0427E4E87B0067BC32 /* ProductListView.swift */; };
		DFD49A0727E4F1880067BC32 /* ShopSummaryView.swift in Sources */ = {isa = PBXBuildFile; fileRef = DFD49A0627E4F1880067BC32 /* ShopSummaryView.swift */; };
		DFD49A0927E5134D0067BC32 /* ProductsScrollView.swift in Sources */ = {isa = PBXBuildFile; fileRef = DFD49A0827E5134D0067BC32 /* ProductsScrollView.swift */; };
		DFD49A0B27E513F50067BC32 /* ShopsScrollView.swift in Sources */ = {isa = PBXBuildFile; fileRef = DFD49A0A27E513F50067BC32 /* ShopsScrollView.swift */; };
/* End PBXBuildFile section */

/* Begin PBXContainerItemProxy section */
		ADAD9EE627D88C5D00DE0EE7 /* PBXContainerItemProxy */ = {
			isa = PBXContainerItemProxy;
			containerPortal = ADAD9ECD27D88C5A00DE0EE7 /* Project object */;
			proxyType = 1;
			remoteGlobalIDString = ADAD9ED427D88C5B00DE0EE7;
			remoteInfo = PocketShop;
		};
		ADAD9EF027D88C5D00DE0EE7 /* PBXContainerItemProxy */ = {
			isa = PBXContainerItemProxy;
			containerPortal = ADAD9ECD27D88C5A00DE0EE7 /* Project object */;
			proxyType = 1;
			remoteGlobalIDString = ADAD9ED427D88C5B00DE0EE7;
			remoteInfo = PocketShop;
		};
/* End PBXContainerItemProxy section */

/* Begin PBXFileReference section */
		022EA8B827E4D437003F4E3C /* ShopViewRouter.swift */ = {isa = PBXFileReference; lastKnownFileType = sourcecode.swift; path = ShopViewRouter.swift; sourceTree = "<group>"; };
		022EA8BD27E4D47A003F4E3C /* ShopRootView.swift */ = {isa = PBXFileReference; lastKnownFileType = sourcecode.swift; name = ShopRootView.swift; path = PocketShop/Views/ShopViews/ShopRootView.swift; sourceTree = SOURCE_ROOT; };
		022EA8C227E4D4C3003F4E3C /* ShopProfileScreen.swift */ = {isa = PBXFileReference; lastKnownFileType = sourcecode.swift; name = ShopProfileScreen.swift; path = PocketShop/Views/ShopViews/ShopProfileScreen.swift; sourceTree = SOURCE_ROOT; };
		022EA8FE27E71FD8003F4E3C /* PSImagePicker.swift */ = {isa = PBXFileReference; lastKnownFileType = sourcecode.swift; path = PSImagePicker.swift; sourceTree = "<group>"; };
		022EA90327E731F0003F4E3C /* VendorViewModel.swift */ = {isa = PBXFileReference; lastKnownFileType = sourcecode.swift; path = VendorViewModel.swift; sourceTree = "<group>"; };
		022F3AAC280859A000390DE5 /* CustomerFavouritesScreen.swift */ = {isa = PBXFileReference; lastKnownFileType = sourcecode.swift; path = CustomerFavouritesScreen.swift; sourceTree = "<group>"; };
		027B44EF27FC31A300A544E7 /* PSBadge.swift */ = {isa = PBXFileReference; lastKnownFileType = sourcecode.swift; path = PSBadge.swift; sourceTree = "<group>"; };
		02AD41C027DEFC9100F44822 /* Poppins-Medium.ttf */ = {isa = PBXFileReference; lastKnownFileType = file; path = "Poppins-Medium.ttf"; sourceTree = "<group>"; };
		02AD41C127DEFC9100F44822 /* Poppins-Regular.ttf */ = {isa = PBXFileReference; lastKnownFileType = file; path = "Poppins-Regular.ttf"; sourceTree = "<group>"; };
		02AD41C227DEFC9100F44822 /* Poppins-Bold.ttf */ = {isa = PBXFileReference; lastKnownFileType = file; path = "Poppins-Bold.ttf"; sourceTree = "<group>"; };
		02AD41C327DEFC9100F44822 /* Poppins-Black.ttf */ = {isa = PBXFileReference; lastKnownFileType = file; path = "Poppins-Black.ttf"; sourceTree = "<group>"; };
		02AD41CF27DEFCCE00F44822 /* Color+PocketShop.swift */ = {isa = PBXFileReference; lastKnownFileType = sourcecode.swift; path = "Color+PocketShop.swift"; sourceTree = "<group>"; };
		02AD41D727DEFCEA00F44822 /* Font+PocketShop.swift */ = {isa = PBXFileReference; lastKnownFileType = sourcecode.swift; path = "Font+PocketShop.swift"; sourceTree = "<group>"; };
		02AD41DC27DEFD0B00F44822 /* Constants.swift */ = {isa = PBXFileReference; lastKnownFileType = sourcecode.swift; path = Constants.swift; sourceTree = "<group>"; };
		02AD41EE27DEFEFC00F44822 /* Info.plist */ = {isa = PBXFileReference; fileEncoding = 4; lastKnownFileType = text.plist.xml; path = Info.plist; sourceTree = "<group>"; };
		02AD41FC27DF024900F44822 /* CustomerSearchScreen.swift */ = {isa = PBXFileReference; lastKnownFileType = sourcecode.swift; path = CustomerSearchScreen.swift; sourceTree = "<group>"; };
		02AD420427DF027200F44822 /* CustomerCartScreen.swift */ = {isa = PBXFileReference; lastKnownFileType = sourcecode.swift; path = CustomerCartScreen.swift; sourceTree = "<group>"; };
		02AD420927DF028900F44822 /* CustomerProfileScreen.swift */ = {isa = PBXFileReference; lastKnownFileType = sourcecode.swift; path = CustomerProfileScreen.swift; sourceTree = "<group>"; };
		02AD421027DF1BDE00F44822 /* MainViewRouter.swift */ = {isa = PBXFileReference; lastKnownFileType = sourcecode.swift; path = MainViewRouter.swift; sourceTree = "<group>"; };
		02AD421827DF1CFF00F44822 /* LoginScreen.swift */ = {isa = PBXFileReference; lastKnownFileType = sourcecode.swift; path = LoginScreen.swift; sourceTree = "<group>"; };
		02AD421D27DF1D3100F44822 /* CustomerViewRouter.swift */ = {isa = PBXFileReference; lastKnownFileType = sourcecode.swift; path = CustomerViewRouter.swift; sourceTree = "<group>"; };
		02AD422227DF1D7200F44822 /* CustomerRootView.swift */ = {isa = PBXFileReference; lastKnownFileType = sourcecode.swift; path = CustomerRootView.swift; sourceTree = "<group>"; };
		02AD422B27DF1FC700F44822 /* LoginViewModel.swift */ = {isa = PBXFileReference; lastKnownFileType = sourcecode.swift; path = LoginViewModel.swift; sourceTree = "<group>"; };
		02AD423427DF28FD00F44822 /* PSTextField.swift */ = {isa = PBXFileReference; lastKnownFileType = sourcecode.swift; path = PSTextField.swift; sourceTree = "<group>"; };
		02AD423C27DF293A00F44822 /* PSSecureField.swift */ = {isa = PBXFileReference; lastKnownFileType = sourcecode.swift; path = PSSecureField.swift; sourceTree = "<group>"; };
		02AD424127DF294C00F44822 /* PSButton.swift */ = {isa = PBXFileReference; lastKnownFileType = sourcecode.swift; path = PSButton.swift; sourceTree = "<group>"; };
		02AD424627DF2D8200F44822 /* RegisterScreen.swift */ = {isa = PBXFileReference; lastKnownFileType = sourcecode.swift; path = RegisterScreen.swift; sourceTree = "<group>"; };
		02AD424B27DF2FB800F44822 /* RegisterViewModel.swift */ = {isa = PBXFileReference; lastKnownFileType = sourcecode.swift; path = RegisterViewModel.swift; sourceTree = "<group>"; };
		02AD425E27E07F2800F44822 /* PSRadioButtonGroup.swift */ = {isa = PBXFileReference; lastKnownFileType = sourcecode.swift; path = PSRadioButtonGroup.swift; sourceTree = "<group>"; };
		2B4AA4C2280AB50E00F61438 /* CouponListView.swift */ = {isa = PBXFileReference; lastKnownFileType = sourcecode.swift; path = CouponListView.swift; sourceTree = "<group>"; };
		2B4AA4C4280ABDE000F61438 /* CouponRedemptionView.swift */ = {isa = PBXFileReference; lastKnownFileType = sourcecode.swift; path = CouponRedemptionView.swift; sourceTree = "<group>"; };
		2B54157C27F5AD0400B9C758 /* OrderViewModel.swift */ = {isa = PBXFileReference; lastKnownFileType = sourcecode.swift; path = OrderViewModel.swift; sourceTree = "<group>"; };
		2B63EB8927E23269008D5747 /* CustomerOrderScreen.swift */ = {isa = PBXFileReference; lastKnownFileType = sourcecode.swift; path = CustomerOrderScreen.swift; sourceTree = "<group>"; };
		2B786B4927E33F1600834CA4 /* RingView.swift */ = {isa = PBXFileReference; lastKnownFileType = sourcecode.swift; path = RingView.swift; sourceTree = "<group>"; };
		AD15B39727E36E9B00513809 /* DBShop.swift */ = {isa = PBXFileReference; lastKnownFileType = sourcecode.swift; path = DBShop.swift; sourceTree = "<group>"; };
		AD15B39927E3968B00513809 /* User.swift */ = {isa = PBXFileReference; lastKnownFileType = sourcecode.swift; path = User.swift; sourceTree = "<group>"; };
		AD15B39C27E465BD00513809 /* ShopSchema.swift */ = {isa = PBXFileReference; lastKnownFileType = sourcecode.swift; path = ShopSchema.swift; sourceTree = "<group>"; };
		AD15B39E27E4673400513809 /* ProductSchema.swift */ = {isa = PBXFileReference; lastKnownFileType = sourcecode.swift; path = ProductSchema.swift; sourceTree = "<group>"; };
		AD15B3A027E46C9E00513809 /* DBProducts.swift */ = {isa = PBXFileReference; lastKnownFileType = sourcecode.swift; path = DBProducts.swift; sourceTree = "<group>"; };
		AD15B3A227E59DF900513809 /* OrderProductSchema.swift */ = {isa = PBXFileReference; lastKnownFileType = sourcecode.swift; path = OrderProductSchema.swift; sourceTree = "<group>"; };
		AD15B3A427E59E5600513809 /* OrderSchema.swift */ = {isa = PBXFileReference; lastKnownFileType = sourcecode.swift; path = OrderSchema.swift; sourceTree = "<group>"; };
		AD15B3A627E5A1A900513809 /* DBOrders.swift */ = {isa = PBXFileReference; lastKnownFileType = sourcecode.swift; path = DBOrders.swift; sourceTree = "<group>"; };
		AD15B3A827E5D2A600513809 /* DBStorage.swift */ = {isa = PBXFileReference; lastKnownFileType = sourcecode.swift; path = DBStorage.swift; sourceTree = "<group>"; };
		AD7A9C0827EF03C80069B70C /* DatabaseEvent.swift */ = {isa = PBXFileReference; lastKnownFileType = sourcecode.swift; path = DatabaseEvent.swift; sourceTree = "<group>"; };
		ADAD28F127F4A0BB00CDE510 /* CartProduct.swift */ = {isa = PBXFileReference; fileEncoding = 4; lastKnownFileType = sourcecode.swift; path = CartProduct.swift; sourceTree = "<group>"; };
		ADAD28F227F4A0BB00CDE510 /* ProductOption.swift */ = {isa = PBXFileReference; fileEncoding = 4; lastKnownFileType = sourcecode.swift; path = ProductOption.swift; sourceTree = "<group>"; };
		ADAD28F527F4A0D400CDE510 /* CartProductSchema.swift */ = {isa = PBXFileReference; fileEncoding = 4; lastKnownFileType = sourcecode.swift; path = CartProductSchema.swift; sourceTree = "<group>"; };
		ADAD28F727F4A0F600CDE510 /* DBCart.swift */ = {isa = PBXFileReference; fileEncoding = 4; lastKnownFileType = sourcecode.swift; path = DBCart.swift; sourceTree = "<group>"; };
		ADAD28FB2801834900CDE510 /* Location.swift */ = {isa = PBXFileReference; fileEncoding = 4; lastKnownFileType = sourcecode.swift; path = Location.swift; sourceTree = "<group>"; };
		ADAD28FD2806C1F200CDE510 /* DBLocation.swift */ = {isa = PBXFileReference; lastKnownFileType = sourcecode.swift; path = DBLocation.swift; sourceTree = "<group>"; };
		ADAD28FF2807FE4500CDE510 /* CustomerSchema.swift */ = {isa = PBXFileReference; lastKnownFileType = sourcecode.swift; path = CustomerSchema.swift; sourceTree = "<group>"; };
		ADAD2901280A890600CDE510 /* ID.swift */ = {isa = PBXFileReference; lastKnownFileType = sourcecode.swift; path = ID.swift; sourceTree = "<group>"; };
		ADAD2903280A8A5300CDE510 /* LocationSchema.swift */ = {isa = PBXFileReference; lastKnownFileType = sourcecode.swift; path = LocationSchema.swift; sourceTree = "<group>"; };
		ADAD2905280A8ABF00CDE510 /* VendorSchema.swift */ = {isa = PBXFileReference; lastKnownFileType = sourcecode.swift; path = VendorSchema.swift; sourceTree = "<group>"; };
		ADAD9ED527D88C5B00DE0EE7 /* PocketShop.app */ = {isa = PBXFileReference; explicitFileType = wrapper.application; includeInIndex = 0; path = PocketShop.app; sourceTree = BUILT_PRODUCTS_DIR; };
		ADAD9ED827D88C5B00DE0EE7 /* PocketShopApp.swift */ = {isa = PBXFileReference; lastKnownFileType = sourcecode.swift; path = PocketShopApp.swift; sourceTree = "<group>"; };
		ADAD9EDA27D88C5B00DE0EE7 /* ContentView.swift */ = {isa = PBXFileReference; lastKnownFileType = sourcecode.swift; path = ContentView.swift; sourceTree = "<group>"; };
		ADAD9EDC27D88C5C00DE0EE7 /* Assets.xcassets */ = {isa = PBXFileReference; lastKnownFileType = folder.assetcatalog; path = Assets.xcassets; sourceTree = "<group>"; };
		ADAD9EDF27D88C5C00DE0EE7 /* Preview Assets.xcassets */ = {isa = PBXFileReference; lastKnownFileType = folder.assetcatalog; path = "Preview Assets.xcassets"; sourceTree = "<group>"; };
		ADAD9EE527D88C5D00DE0EE7 /* PocketShopTests.xctest */ = {isa = PBXFileReference; explicitFileType = wrapper.cfbundle; includeInIndex = 0; path = PocketShopTests.xctest; sourceTree = BUILT_PRODUCTS_DIR; };
		ADAD9EE927D88C5D00DE0EE7 /* PocketShopTests.swift */ = {isa = PBXFileReference; lastKnownFileType = sourcecode.swift; path = PocketShopTests.swift; sourceTree = "<group>"; };
		ADAD9EEF27D88C5D00DE0EE7 /* PocketShopUITests.xctest */ = {isa = PBXFileReference; explicitFileType = wrapper.cfbundle; includeInIndex = 0; path = PocketShopUITests.xctest; sourceTree = BUILT_PRODUCTS_DIR; };
		ADAD9EF327D88C5D00DE0EE7 /* PocketShopUITests.swift */ = {isa = PBXFileReference; lastKnownFileType = sourcecode.swift; path = PocketShopUITests.swift; sourceTree = "<group>"; };
		ADAD9EF527D88C5D00DE0EE7 /* PocketShopUITestsLaunchTests.swift */ = {isa = PBXFileReference; lastKnownFileType = sourcecode.swift; path = PocketShopUITestsLaunchTests.swift; sourceTree = "<group>"; };
		ADAD9F0327DA391800DE0EE7 /* Customer.swift */ = {isa = PBXFileReference; lastKnownFileType = sourcecode.swift; path = Customer.swift; sourceTree = "<group>"; };
		ADAD9F0527DA39AA00DE0EE7 /* Shop.swift */ = {isa = PBXFileReference; lastKnownFileType = sourcecode.swift; path = Shop.swift; sourceTree = "<group>"; };
		ADAD9F0727DA3C6200DE0EE7 /* Product.swift */ = {isa = PBXFileReference; lastKnownFileType = sourcecode.swift; path = Product.swift; sourceTree = "<group>"; };
		ADAD9F0927DA3F2D00DE0EE7 /* Order.swift */ = {isa = PBXFileReference; lastKnownFileType = sourcecode.swift; path = Order.swift; sourceTree = "<group>"; };
		ADAD9F0B27DA3FDA00DE0EE7 /* OrderStatus.swift */ = {isa = PBXFileReference; lastKnownFileType = sourcecode.swift; path = OrderStatus.swift; sourceTree = "<group>"; };
		ADAD9F0D27DA413B00DE0EE7 /* OrderProduct.swift */ = {isa = PBXFileReference; lastKnownFileType = sourcecode.swift; path = OrderProduct.swift; sourceTree = "<group>"; };
		ADAD9F1327DCC6FF00DE0EE7 /* GoogleService-Info.plist */ = {isa = PBXFileReference; fileEncoding = 4; lastKnownFileType = text.plist.xml; path = "GoogleService-Info.plist"; sourceTree = "<group>"; };
		ADAD9F1D27DCCC9D00DE0EE7 /* AuthManager.swift */ = {isa = PBXFileReference; lastKnownFileType = sourcecode.swift; path = AuthManager.swift; sourceTree = "<group>"; };
		ADAD9F1F27DCCD7100DE0EE7 /* FirebaseManager.swift */ = {isa = PBXFileReference; lastKnownFileType = sourcecode.swift; path = FirebaseManager.swift; sourceTree = "<group>"; };
		ADAD9F2227DDDB3600DE0EE7 /* AuthAdapter.swift */ = {isa = PBXFileReference; lastKnownFileType = sourcecode.swift; path = AuthAdapter.swift; sourceTree = "<group>"; };
		ADAD9F2427DDDDD700DE0EE7 /* AuthError.swift */ = {isa = PBXFileReference; lastKnownFileType = sourcecode.swift; path = AuthError.swift; sourceTree = "<group>"; };
		ADAD9F2827DDE68C00DE0EE7 /* DBUsers.swift */ = {isa = PBXFileReference; lastKnownFileType = sourcecode.swift; path = DBUsers.swift; sourceTree = "<group>"; };
		ADAD9F2A27DDE7B400DE0EE7 /* Vendor.swift */ = {isa = PBXFileReference; lastKnownFileType = sourcecode.swift; path = Vendor.swift; sourceTree = "<group>"; };
		ADAD9F2C27DDEB2100DE0EE7 /* DatabaseManager.swift */ = {isa = PBXFileReference; lastKnownFileType = sourcecode.swift; path = DatabaseManager.swift; sourceTree = "<group>"; };
		ADAD9F2F27DDEB8900DE0EE7 /* DatabaseAdapter.swift */ = {isa = PBXFileReference; lastKnownFileType = sourcecode.swift; path = DatabaseAdapter.swift; sourceTree = "<group>"; };
		ADAD9F3227DF7C3400DE0EE7 /* DatabaseError.swift */ = {isa = PBXFileReference; lastKnownFileType = sourcecode.swift; path = DatabaseError.swift; sourceTree = "<group>"; };
		ADAD9F3427DFBBF600DE0EE7 /* DatabaseInterface.swift */ = {isa = PBXFileReference; lastKnownFileType = sourcecode.swift; path = DatabaseInterface.swift; sourceTree = "<group>"; };
		DF0BA5E428087F3B00D58696 /* LocationsScrollView.swift */ = {isa = PBXFileReference; lastKnownFileType = sourcecode.swift; path = LocationsScrollView.swift; sourceTree = "<group>"; };
		DF0BA5E62808805C00D58696 /* LocationSummaryView.swift */ = {isa = PBXFileReference; lastKnownFileType = sourcecode.swift; path = LocationSummaryView.swift; sourceTree = "<group>"; };
		DF0BA5E82808818200D58696 /* CustomerLocationView.swift */ = {isa = PBXFileReference; lastKnownFileType = sourcecode.swift; path = CustomerLocationView.swift; sourceTree = "<group>"; };
		DF0BA5EA2808890F00D58696 /* ShopListView.swift */ = {isa = PBXFileReference; lastKnownFileType = sourcecode.swift; path = ShopListView.swift; sourceTree = "<group>"; };
		DF0BA5EE2808BFFD00D58696 /* ProductDetailView.swift */ = {isa = PBXFileReference; fileEncoding = 4; lastKnownFileType = sourcecode.swift; path = ProductDetailView.swift; sourceTree = "<group>"; };
		DF0BA5F02809862D00D58696 /* ShopProductListView.swift */ = {isa = PBXFileReference; lastKnownFileType = sourcecode.swift; path = ShopProductListView.swift; sourceTree = "<group>"; };
		DF3414FD27F9C56300CC945C /* ShopOrderScreen.swift */ = {isa = PBXFileReference; fileEncoding = 4; lastKnownFileType = sourcecode.swift; name = ShopOrderScreen.swift; path = PocketShop/Views/ShopViews/ShopOrderScreen.swift; sourceTree = SOURCE_ROOT; };
		DF3414FE27F9C56300CC945C /* ShopProductFormView.swift */ = {isa = PBXFileReference; fileEncoding = 4; lastKnownFileType = sourcecode.swift; name = ShopProductFormView.swift; path = PocketShop/Views/ShopViews/ShopProductFormView.swift; sourceTree = SOURCE_ROOT; };
		DF3414FF27F9C56300CC945C /* ShopHomeScreen.swift */ = {isa = PBXFileReference; fileEncoding = 4; lastKnownFileType = sourcecode.swift; name = ShopHomeScreen.swift; path = PocketShop/Views/ShopViews/ShopHomeScreen.swift; sourceTree = SOURCE_ROOT; };
		DF34150027F9C56300CC945C /* ShopFormView.swift */ = {isa = PBXFileReference; fileEncoding = 4; lastKnownFileType = sourcecode.swift; name = ShopFormView.swift; path = PocketShop/Views/ShopViews/ShopFormView.swift; sourceTree = SOURCE_ROOT; };
		DF34150127F9C56300CC945C /* ShopProductsView.swift */ = {isa = PBXFileReference; fileEncoding = 4; lastKnownFileType = sourcecode.swift; name = ShopProductsView.swift; path = PocketShop/Views/ShopViews/ShopProductsView.swift; sourceTree = SOURCE_ROOT; };
		DF34150227F9C56400CC945C /* ShopProductEditFormView.swift */ = {isa = PBXFileReference; fileEncoding = 4; lastKnownFileType = sourcecode.swift; name = ShopProductEditFormView.swift; path = PocketShop/Views/ShopViews/ShopProductEditFormView.swift; sourceTree = SOURCE_ROOT; };
		DF34150327F9C56400CC945C /* ShopEditFormView.swift */ = {isa = PBXFileReference; fileEncoding = 4; lastKnownFileType = sourcecode.swift; name = ShopEditFormView.swift; path = PocketShop/Views/ShopViews/ShopEditFormView.swift; sourceTree = SOURCE_ROOT; };
		DF67101827DE5FF6002C5AE0 /* CustomerHomeScreen.swift */ = {isa = PBXFileReference; lastKnownFileType = sourcecode.swift; path = CustomerHomeScreen.swift; sourceTree = "<group>"; };
		DF67101A27DE6179002C5AE0 /* CustomerViewModel.swift */ = {isa = PBXFileReference; lastKnownFileType = sourcecode.swift; path = CustomerViewModel.swift; sourceTree = "<group>"; };
		DF67101D27DE769E002C5AE0 /* PSSearchBarView.swift */ = {isa = PBXFileReference; lastKnownFileType = sourcecode.swift; path = PSSearchBarView.swift; sourceTree = "<group>"; };
		DF67101F27DE7A8D002C5AE0 /* ProductSummaryView.swift */ = {isa = PBXFileReference; lastKnownFileType = sourcecode.swift; path = ProductSummaryView.swift; sourceTree = "<group>"; };
		DF86A0DC27E7004700D8423C /* ImageLoader.swift */ = {isa = PBXFileReference; lastKnownFileType = sourcecode.swift; path = ImageLoader.swift; sourceTree = "<group>"; };
		DF86A0DE27E70C7B00D8423C /* URLImage.swift */ = {isa = PBXFileReference; lastKnownFileType = sourcecode.swift; path = URLImage.swift; sourceTree = "<group>"; };
		DF86A0E027E7324000D8423C /* ProductOrderBar.swift */ = {isa = PBXFileReference; lastKnownFileType = sourcecode.swift; path = ProductOrderBar.swift; sourceTree = "<group>"; };
		DFD49A0227E4B9010067BC32 /* CustomerShopView.swift */ = {isa = PBXFileReference; lastKnownFileType = sourcecode.swift; path = CustomerShopView.swift; sourceTree = "<group>"; };
		DFD49A0427E4E87B0067BC32 /* ProductListView.swift */ = {isa = PBXFileReference; lastKnownFileType = sourcecode.swift; path = ProductListView.swift; sourceTree = "<group>"; };
		DFD49A0627E4F1880067BC32 /* ShopSummaryView.swift */ = {isa = PBXFileReference; lastKnownFileType = sourcecode.swift; path = ShopSummaryView.swift; sourceTree = "<group>"; };
		DFD49A0827E5134D0067BC32 /* ProductsScrollView.swift */ = {isa = PBXFileReference; lastKnownFileType = sourcecode.swift; path = ProductsScrollView.swift; sourceTree = "<group>"; };
		DFD49A0A27E513F50067BC32 /* ShopsScrollView.swift */ = {isa = PBXFileReference; lastKnownFileType = sourcecode.swift; path = ShopsScrollView.swift; sourceTree = "<group>"; };
/* End PBXFileReference section */

/* Begin PBXFrameworksBuildPhase section */
		ADAD9ED227D88C5B00DE0EE7 /* Frameworks */ = {
			isa = PBXFrameworksBuildPhase;
			buildActionMask = 2147483647;
			files = (
				ADAD9F1927DCC94800DE0EE7 /* FirebaseDatabase in Frameworks */,
				ADAD9F1727DCC94800DE0EE7 /* FirebaseAuth in Frameworks */,
				ADAD9F1B27DCC94800DE0EE7 /* FirebaseStorage in Frameworks */,
			);
			runOnlyForDeploymentPostprocessing = 0;
		};
		ADAD9EE227D88C5D00DE0EE7 /* Frameworks */ = {
			isa = PBXFrameworksBuildPhase;
			buildActionMask = 2147483647;
			files = (
			);
			runOnlyForDeploymentPostprocessing = 0;
		};
		ADAD9EEC27D88C5D00DE0EE7 /* Frameworks */ = {
			isa = PBXFrameworksBuildPhase;
			buildActionMask = 2147483647;
			files = (
			);
			runOnlyForDeploymentPostprocessing = 0;
		};
/* End PBXFrameworksBuildPhase section */

/* Begin PBXGroup section */
		02AD41BD27DEFB6500F44822 /* Core */ = {
			isa = PBXGroup;
			children = (
				DF86A0D927E6F9BB00D8423C /* Utilities */,
				02AD423327DF28EE00F44822 /* Components */,
				02AD41CE27DEFCC100F44822 /* Constants */,
				02AD41BE27DEFB6B00F44822 /* Resources */,
			);
			path = Core;
			sourceTree = "<group>";
		};
		02AD41BE27DEFB6B00F44822 /* Resources */ = {
			isa = PBXGroup;
			children = (
				02AD41BF27DEFC9100F44822 /* Fonts */,
				ADAD9EDC27D88C5C00DE0EE7 /* Assets.xcassets */,
			);
			path = Resources;
			sourceTree = "<group>";
		};
		02AD41BF27DEFC9100F44822 /* Fonts */ = {
			isa = PBXGroup;
			children = (
				02AD41C027DEFC9100F44822 /* Poppins-Medium.ttf */,
				02AD41C127DEFC9100F44822 /* Poppins-Regular.ttf */,
				02AD41C227DEFC9100F44822 /* Poppins-Bold.ttf */,
				02AD41C327DEFC9100F44822 /* Poppins-Black.ttf */,
			);
			path = Fonts;
			sourceTree = "<group>";
		};
		02AD41CE27DEFCC100F44822 /* Constants */ = {
			isa = PBXGroup;
			children = (
				02AD41CF27DEFCCE00F44822 /* Color+PocketShop.swift */,
				02AD41D727DEFCEA00F44822 /* Font+PocketShop.swift */,
				02AD41DC27DEFD0B00F44822 /* Constants.swift */,
			);
			path = Constants;
			sourceTree = "<group>";
		};
		02AD420E27DF041C00F44822 /* CommonViews */ = {
			isa = PBXGroup;
			children = (
				02AD421027DF1BDE00F44822 /* MainViewRouter.swift */,
				02AD421827DF1CFF00F44822 /* LoginScreen.swift */,
				02AD421D27DF1D3100F44822 /* CustomerViewRouter.swift */,
				02AD424627DF2D8200F44822 /* RegisterScreen.swift */,
				022EA8B827E4D437003F4E3C /* ShopViewRouter.swift */,
			);
			path = CommonViews;
			sourceTree = "<group>";
		};
		02AD420F27DF042500F44822 /* Views */ = {
			isa = PBXGroup;
			children = (
				DF8152E828087D7C00394159 /* ShopViews */,
				DF67101227DE5D69002C5AE0 /* CustomerViews */,
				02AD420E27DF041C00F44822 /* CommonViews */,
			);
			path = Views;
			sourceTree = "<group>";
		};
		02AD422A27DF1FB700F44822 /* ViewModels */ = {
			isa = PBXGroup;
			children = (
				DF67101A27DE6179002C5AE0 /* CustomerViewModel.swift */,
				022EA90327E731F0003F4E3C /* VendorViewModel.swift */,
				02AD422B27DF1FC700F44822 /* LoginViewModel.swift */,
				02AD424B27DF2FB800F44822 /* RegisterViewModel.swift */,
				2B54157C27F5AD0400B9C758 /* OrderViewModel.swift */,
			);
			path = ViewModels;
			sourceTree = "<group>";
		};
		02AD423327DF28EE00F44822 /* Components */ = {
			isa = PBXGroup;
			children = (
				DF67101D27DE769E002C5AE0 /* PSSearchBarView.swift */,
				02AD423427DF28FD00F44822 /* PSTextField.swift */,
				02AD423C27DF293A00F44822 /* PSSecureField.swift */,
				02AD424127DF294C00F44822 /* PSButton.swift */,
				2B786B4927E33F1600834CA4 /* RingView.swift */,
				02AD425E27E07F2800F44822 /* PSRadioButtonGroup.swift */,
				022EA8FE27E71FD8003F4E3C /* PSImagePicker.swift */,
				027B44EF27FC31A300A544E7 /* PSBadge.swift */,
			);
			path = Components;
			sourceTree = "<group>";
		};
		AD15B39B27E465AB00513809 /* Schema */ = {
			isa = PBXGroup;
			children = (
				ADAD28F527F4A0D400CDE510 /* CartProductSchema.swift */,
				AD15B39C27E465BD00513809 /* ShopSchema.swift */,
				AD15B39E27E4673400513809 /* ProductSchema.swift */,
				AD15B3A227E59DF900513809 /* OrderProductSchema.swift */,
				AD15B3A427E59E5600513809 /* OrderSchema.swift */,
				ADAD28FF2807FE4500CDE510 /* CustomerSchema.swift */,
				ADAD2903280A8A5300CDE510 /* LocationSchema.swift */,
				ADAD2905280A8ABF00CDE510 /* VendorSchema.swift */,
			);
			path = Schema;
			sourceTree = "<group>";
		};
		ADAD9ECC27D88C5A00DE0EE7 = {
			isa = PBXGroup;
			children = (
				ADAD9ED727D88C5B00DE0EE7 /* PocketShop */,
				ADAD9EE827D88C5D00DE0EE7 /* PocketShopTests */,
				ADAD9EF227D88C5D00DE0EE7 /* PocketShopUITests */,
				ADAD9ED627D88C5B00DE0EE7 /* Products */,
			);
			sourceTree = "<group>";
		};
		ADAD9ED627D88C5B00DE0EE7 /* Products */ = {
			isa = PBXGroup;
			children = (
				ADAD9ED527D88C5B00DE0EE7 /* PocketShop.app */,
				ADAD9EE527D88C5D00DE0EE7 /* PocketShopTests.xctest */,
				ADAD9EEF27D88C5D00DE0EE7 /* PocketShopUITests.xctest */,
			);
			name = Products;
			sourceTree = "<group>";
		};
		ADAD9ED727D88C5B00DE0EE7 /* PocketShop */ = {
			isa = PBXGroup;
			children = (
				02AD422A27DF1FB700F44822 /* ViewModels */,
				02AD420F27DF042500F44822 /* Views */,
				ADAD9F1327DCC6FF00DE0EE7 /* GoogleService-Info.plist */,
				02AD41EE27DEFEFC00F44822 /* Info.plist */,
				ADAD9EDA27D88C5B00DE0EE7 /* ContentView.swift */,
				ADAD9ED827D88C5B00DE0EE7 /* PocketShopApp.swift */,
				02AD41BD27DEFB6500F44822 /* Core */,
				ADAD9F1C27DCCC6D00DE0EE7 /* Database */,
				ADAD9F0227DA34DD00DE0EE7 /* Model */,
				ADAD9EDE27D88C5C00DE0EE7 /* Preview Content */,
			);
			path = PocketShop;
			sourceTree = "<group>";
		};
		ADAD9EDE27D88C5C00DE0EE7 /* Preview Content */ = {
			isa = PBXGroup;
			children = (
				ADAD9EDF27D88C5C00DE0EE7 /* Preview Assets.xcassets */,
			);
			path = "Preview Content";
			sourceTree = "<group>";
		};
		ADAD9EE827D88C5D00DE0EE7 /* PocketShopTests */ = {
			isa = PBXGroup;
			children = (
				ADAD9EE927D88C5D00DE0EE7 /* PocketShopTests.swift */,
			);
			path = PocketShopTests;
			sourceTree = "<group>";
		};
		ADAD9EF227D88C5D00DE0EE7 /* PocketShopUITests */ = {
			isa = PBXGroup;
			children = (
				ADAD9EF327D88C5D00DE0EE7 /* PocketShopUITests.swift */,
				ADAD9EF527D88C5D00DE0EE7 /* PocketShopUITestsLaunchTests.swift */,
			);
			path = PocketShopUITests;
			sourceTree = "<group>";
		};
		ADAD9F0227DA34DD00DE0EE7 /* Model */ = {
			isa = PBXGroup;
			children = (
				ADAD28FB2801834900CDE510 /* Location.swift */,
				ADAD28F127F4A0BB00CDE510 /* CartProduct.swift */,
				ADAD28F227F4A0BB00CDE510 /* ProductOption.swift */,
				ADAD9F0327DA391800DE0EE7 /* Customer.swift */,
				ADAD9F0527DA39AA00DE0EE7 /* Shop.swift */,
				ADAD9F0727DA3C6200DE0EE7 /* Product.swift */,
				ADAD9F0927DA3F2D00DE0EE7 /* Order.swift */,
				ADAD9F0B27DA3FDA00DE0EE7 /* OrderStatus.swift */,
				ADAD9F0D27DA413B00DE0EE7 /* OrderProduct.swift */,
				ADAD9F2A27DDE7B400DE0EE7 /* Vendor.swift */,
				AD15B39927E3968B00513809 /* User.swift */,
				ADAD2901280A890600CDE510 /* ID.swift */,
			);
			path = Model;
			sourceTree = "<group>";
		};
		ADAD9F1C27DCCC6D00DE0EE7 /* Database */ = {
			isa = PBXGroup;
			children = (
				AD15B39B27E465AB00513809 /* Schema */,
				ADAD9F2E27DDEB5B00DE0EE7 /* RealtimeDatabase */,
				ADAD9F2127DDDAC900DE0EE7 /* Authentication */,
				ADAD9F1F27DCCD7100DE0EE7 /* FirebaseManager.swift */,
				ADAD9F2227DDDB3600DE0EE7 /* AuthAdapter.swift */,
				ADAD9F2F27DDEB8900DE0EE7 /* DatabaseAdapter.swift */,
				ADAD9F3427DFBBF600DE0EE7 /* DatabaseInterface.swift */,
			);
			path = Database;
			sourceTree = "<group>";
		};
		ADAD9F2127DDDAC900DE0EE7 /* Authentication */ = {
			isa = PBXGroup;
			children = (
				ADAD9F1D27DCCC9D00DE0EE7 /* AuthManager.swift */,
				ADAD9F2427DDDDD700DE0EE7 /* AuthError.swift */,
			);
			path = Authentication;
			sourceTree = "<group>";
		};
		ADAD9F2E27DDEB5B00DE0EE7 /* RealtimeDatabase */ = {
			isa = PBXGroup;
			children = (
				ADAD28F727F4A0F600CDE510 /* DBCart.swift */,
				ADAD9F2C27DDEB2100DE0EE7 /* DatabaseManager.swift */,
				ADAD9F2827DDE68C00DE0EE7 /* DBUsers.swift */,
				ADAD9F3227DF7C3400DE0EE7 /* DatabaseError.swift */,
				AD15B39727E36E9B00513809 /* DBShop.swift */,
				AD15B3A027E46C9E00513809 /* DBProducts.swift */,
				AD15B3A627E5A1A900513809 /* DBOrders.swift */,
				AD15B3A827E5D2A600513809 /* DBStorage.swift */,
				AD7A9C0827EF03C80069B70C /* DatabaseEvent.swift */,
				ADAD28FD2806C1F200CDE510 /* DBLocation.swift */,
			);
			path = RealtimeDatabase;
			sourceTree = "<group>";
		};
		DF67101227DE5D69002C5AE0 /* CustomerViews */ = {
			isa = PBXGroup;
			children = (
				02AD420427DF027200F44822 /* CustomerCartScreen.swift */,
				DF67101827DE5FF6002C5AE0 /* CustomerHomeScreen.swift */,
				2B63EB8927E23269008D5747 /* CustomerOrderScreen.swift */,
				02AD420927DF028900F44822 /* CustomerProfileScreen.swift */,
				02AD422227DF1D7200F44822 /* CustomerRootView.swift */,
				02AD41FC27DF024900F44822 /* CustomerSearchScreen.swift */,
				DFD49A0227E4B9010067BC32 /* CustomerShopView.swift */,
				DFD49A0427E4E87B0067BC32 /* ProductListView.swift */,
				DF0BA5EA2808890F00D58696 /* ShopListView.swift */,
				DF86A0E027E7324000D8423C /* ProductOrderBar.swift */,
				DFD49A0827E5134D0067BC32 /* ProductsScrollView.swift */,
				DF67101F27DE7A8D002C5AE0 /* ProductSummaryView.swift */,
				DF0BA5EE2808BFFD00D58696 /* ProductDetailView.swift */,
				DFD49A0A27E513F50067BC32 /* ShopsScrollView.swift */,
				DFD49A0627E4F1880067BC32 /* ShopSummaryView.swift */,
				DF0BA5E428087F3B00D58696 /* LocationsScrollView.swift */,
				DF0BA5E62808805C00D58696 /* LocationSummaryView.swift */,
				DF0BA5E82808818200D58696 /* CustomerLocationView.swift */,
				022F3AAC280859A000390DE5 /* CustomerFavouritesScreen.swift */,
				2B4AA4C2280AB50E00F61438 /* CouponListView.swift */,
				2B4AA4C4280ABDE000F61438 /* CouponRedemptionView.swift */,
			);
			path = CustomerViews;
			sourceTree = "<group>";
		};
		DF8152E828087D7C00394159 /* ShopViews */ = {
			isa = PBXGroup;
			children = (
				022EA8BD27E4D47A003F4E3C /* ShopRootView.swift */,
				022EA8C227E4D4C3003F4E3C /* ShopProfileScreen.swift */,
				DF34150327F9C56400CC945C /* ShopEditFormView.swift */,
				DF34150027F9C56300CC945C /* ShopFormView.swift */,
				DF3414FF27F9C56300CC945C /* ShopHomeScreen.swift */,
				DF3414FD27F9C56300CC945C /* ShopOrderScreen.swift */,
				DF34150227F9C56400CC945C /* ShopProductEditFormView.swift */,
				DF3414FE27F9C56300CC945C /* ShopProductFormView.swift */,
				DF34150127F9C56300CC945C /* ShopProductsView.swift */,
				DF0BA5F02809862D00D58696 /* ShopProductListView.swift */,
			);
			path = ShopViews;
			sourceTree = "<group>";
		};
		DF86A0D927E6F9BB00D8423C /* Utilities */ = {
			isa = PBXGroup;
			children = (
				DF86A0DC27E7004700D8423C /* ImageLoader.swift */,
				DF86A0DE27E70C7B00D8423C /* URLImage.swift */,
			);
			path = Utilities;
			sourceTree = "<group>";
		};
/* End PBXGroup section */

/* Begin PBXNativeTarget section */
		ADAD9ED427D88C5B00DE0EE7 /* PocketShop */ = {
			isa = PBXNativeTarget;
			buildConfigurationList = ADAD9EF927D88C5D00DE0EE7 /* Build configuration list for PBXNativeTarget "PocketShop" */;
			buildPhases = (
				DF67101C27DE62DF002C5AE0 /* ShellScript */,
				ADAD9ED127D88C5B00DE0EE7 /* Sources */,
				ADAD9ED227D88C5B00DE0EE7 /* Frameworks */,
				ADAD9ED327D88C5B00DE0EE7 /* Resources */,
			);
			buildRules = (
			);
			dependencies = (
			);
			name = PocketShop;
			packageProductDependencies = (
				ADAD9F1627DCC94800DE0EE7 /* FirebaseAuth */,
				ADAD9F1827DCC94800DE0EE7 /* FirebaseDatabase */,
				ADAD9F1A27DCC94800DE0EE7 /* FirebaseStorage */,
			);
			productName = PocketShop;
			productReference = ADAD9ED527D88C5B00DE0EE7 /* PocketShop.app */;
			productType = "com.apple.product-type.application";
		};
		ADAD9EE427D88C5D00DE0EE7 /* PocketShopTests */ = {
			isa = PBXNativeTarget;
			buildConfigurationList = ADAD9EFC27D88C5D00DE0EE7 /* Build configuration list for PBXNativeTarget "PocketShopTests" */;
			buildPhases = (
				ADAD9EE127D88C5D00DE0EE7 /* Sources */,
				ADAD9EE227D88C5D00DE0EE7 /* Frameworks */,
				ADAD9EE327D88C5D00DE0EE7 /* Resources */,
			);
			buildRules = (
			);
			dependencies = (
				ADAD9EE727D88C5D00DE0EE7 /* PBXTargetDependency */,
			);
			name = PocketShopTests;
			productName = PocketShopTests;
			productReference = ADAD9EE527D88C5D00DE0EE7 /* PocketShopTests.xctest */;
			productType = "com.apple.product-type.bundle.unit-test";
		};
		ADAD9EEE27D88C5D00DE0EE7 /* PocketShopUITests */ = {
			isa = PBXNativeTarget;
			buildConfigurationList = ADAD9EFF27D88C5D00DE0EE7 /* Build configuration list for PBXNativeTarget "PocketShopUITests" */;
			buildPhases = (
				ADAD9EEB27D88C5D00DE0EE7 /* Sources */,
				ADAD9EEC27D88C5D00DE0EE7 /* Frameworks */,
				ADAD9EED27D88C5D00DE0EE7 /* Resources */,
			);
			buildRules = (
			);
			dependencies = (
				ADAD9EF127D88C5D00DE0EE7 /* PBXTargetDependency */,
			);
			name = PocketShopUITests;
			productName = PocketShopUITests;
			productReference = ADAD9EEF27D88C5D00DE0EE7 /* PocketShopUITests.xctest */;
			productType = "com.apple.product-type.bundle.ui-testing";
		};
/* End PBXNativeTarget section */

/* Begin PBXProject section */
		ADAD9ECD27D88C5A00DE0EE7 /* Project object */ = {
			isa = PBXProject;
			attributes = {
				BuildIndependentTargetsInParallel = 1;
				LastSwiftUpdateCheck = 1320;
				LastUpgradeCheck = 1320;
				TargetAttributes = {
					ADAD9ED427D88C5B00DE0EE7 = {
						CreatedOnToolsVersion = 13.2.1;
					};
					ADAD9EE427D88C5D00DE0EE7 = {
						CreatedOnToolsVersion = 13.2.1;
						TestTargetID = ADAD9ED427D88C5B00DE0EE7;
					};
					ADAD9EEE27D88C5D00DE0EE7 = {
						CreatedOnToolsVersion = 13.2.1;
						TestTargetID = ADAD9ED427D88C5B00DE0EE7;
					};
				};
			};
			buildConfigurationList = ADAD9ED027D88C5A00DE0EE7 /* Build configuration list for PBXProject "PocketShop" */;
			compatibilityVersion = "Xcode 12.0";
			developmentRegion = en;
			hasScannedForEncodings = 0;
			knownRegions = (
				en,
				Base,
			);
			mainGroup = ADAD9ECC27D88C5A00DE0EE7;
			packageReferences = (
				ADAD9F1527DCC94800DE0EE7 /* XCRemoteSwiftPackageReference "firebase-ios-sdk" */,
			);
			productRefGroup = ADAD9ED627D88C5B00DE0EE7 /* Products */;
			projectDirPath = "";
			projectRoot = "";
			targets = (
				ADAD9ED427D88C5B00DE0EE7 /* PocketShop */,
				ADAD9EE427D88C5D00DE0EE7 /* PocketShopTests */,
				ADAD9EEE27D88C5D00DE0EE7 /* PocketShopUITests */,
			);
		};
/* End PBXProject section */

/* Begin PBXResourcesBuildPhase section */
		ADAD9ED327D88C5B00DE0EE7 /* Resources */ = {
			isa = PBXResourcesBuildPhase;
			buildActionMask = 2147483647;
			files = (
				02AD41C727DEFC9100F44822 /* Poppins-Black.ttf in Resources */,
				ADAD9EE027D88C5C00DE0EE7 /* Preview Assets.xcassets in Resources */,
				02AD41C627DEFC9100F44822 /* Poppins-Bold.ttf in Resources */,
				ADAD9EDD27D88C5C00DE0EE7 /* Assets.xcassets in Resources */,
				02AD41C527DEFC9100F44822 /* Poppins-Regular.ttf in Resources */,
				ADAD9F1427DCC6FF00DE0EE7 /* GoogleService-Info.plist in Resources */,
				02AD41C427DEFC9100F44822 /* Poppins-Medium.ttf in Resources */,
			);
			runOnlyForDeploymentPostprocessing = 0;
		};
		ADAD9EE327D88C5D00DE0EE7 /* Resources */ = {
			isa = PBXResourcesBuildPhase;
			buildActionMask = 2147483647;
			files = (
			);
			runOnlyForDeploymentPostprocessing = 0;
		};
		ADAD9EED27D88C5D00DE0EE7 /* Resources */ = {
			isa = PBXResourcesBuildPhase;
			buildActionMask = 2147483647;
			files = (
			);
			runOnlyForDeploymentPostprocessing = 0;
		};
/* End PBXResourcesBuildPhase section */

/* Begin PBXShellScriptBuildPhase section */
		DF67101C27DE62DF002C5AE0 /* ShellScript */ = {
			isa = PBXShellScriptBuildPhase;
			buildActionMask = 2147483647;
			files = (
			);
			inputFileListPaths = (
			);
			inputPaths = (
			);
			outputFileListPaths = (
			);
			outputPaths = (
			);
			runOnlyForDeploymentPostprocessing = 0;
			shellPath = /bin/sh;
			shellScript = "export PATH=\"$PATH:/opt/homebrew/bin\"\n\nif which swiftlint >/dev/null; then\n  swiftlint --fix && swiftlint\nelse\n  echo \"warning: SwiftLint not installed, download from https://github.com/realm/SwiftLint\"\nfi\n";
		};
/* End PBXShellScriptBuildPhase section */

/* Begin PBXSourcesBuildPhase section */
		ADAD9ED127D88C5B00DE0EE7 /* Sources */ = {
			isa = PBXSourcesBuildPhase;
			buildActionMask = 2147483647;
			files = (
				ADAD28F327F4A0BB00CDE510 /* CartProduct.swift in Sources */,
				ADAD9F1E27DCCC9D00DE0EE7 /* AuthManager.swift in Sources */,
				DFD49A0B27E513F50067BC32 /* ShopsScrollView.swift in Sources */,
				2B786B4A27E33F1600834CA4 /* RingView.swift in Sources */,
				02AD420527DF027200F44822 /* CustomerCartScreen.swift in Sources */,
				AD7A9C0927EF03C80069B70C /* DatabaseEvent.swift in Sources */,
				02AD421927DF1CFF00F44822 /* LoginScreen.swift in Sources */,
				DF34150A27F9C56400CC945C /* ShopEditFormView.swift in Sources */,
				DFD49A0727E4F1880067BC32 /* ShopSummaryView.swift in Sources */,
				022F3AAD280859A000390DE5 /* CustomerFavouritesScreen.swift in Sources */,
				02AD41FD27DF024A00F44822 /* CustomerSearchScreen.swift in Sources */,
				DFD49A0327E4B9010067BC32 /* CustomerShopView.swift in Sources */,
				2B54157D27F5AD0400B9C758 /* OrderViewModel.swift in Sources */,
				02AD424C27DF2FB800F44822 /* RegisterViewModel.swift in Sources */,
				ADAD9F2B27DDE7B400DE0EE7 /* Vendor.swift in Sources */,
				ADAD9F3527DFBBF600DE0EE7 /* DatabaseInterface.swift in Sources */,
				AD15B39827E36E9B00513809 /* DBShop.swift in Sources */,
				ADAD9F2D27DDEB2100DE0EE7 /* DatabaseManager.swift in Sources */,
				ADAD9F0A27DA3F2D00DE0EE7 /* Order.swift in Sources */,
				DFD49A0527E4E87B0067BC32 /* ProductListView.swift in Sources */,
				DF0BA5E92808818200D58696 /* CustomerLocationView.swift in Sources */,
				02AD420A27DF028900F44822 /* CustomerProfileScreen.swift in Sources */,
				DF0BA5E72808805C00D58696 /* LocationSummaryView.swift in Sources */,
				2B4AA4C5280ABDE000F61438 /* CouponRedemptionView.swift in Sources */,
				02AD41D827DEFCEA00F44822 /* Font+PocketShop.swift in Sources */,
				ADAD9F2027DCCD7100DE0EE7 /* FirebaseManager.swift in Sources */,
				DF67102027DE7A8D002C5AE0 /* ProductSummaryView.swift in Sources */,
				2B63EB8A27E23269008D5747 /* CustomerOrderScreen.swift in Sources */,
				ADAD9F0427DA391800DE0EE7 /* Customer.swift in Sources */,
				02AD424727DF2D8200F44822 /* RegisterScreen.swift in Sources */,
				DF34150427F9C56400CC945C /* ShopOrderScreen.swift in Sources */,
				ADAD9F3027DDEB8900DE0EE7 /* DatabaseAdapter.swift in Sources */,
				DF34150927F9C56400CC945C /* ShopProductEditFormView.swift in Sources */,
				AD15B3A727E5A1A900513809 /* DBOrders.swift in Sources */,
				DF67101927DE5FF6002C5AE0 /* CustomerHomeScreen.swift in Sources */,
				DF34150627F9C56400CC945C /* ShopHomeScreen.swift in Sources */,
				AD15B39A27E3968B00513809 /* User.swift in Sources */,
				DF34150527F9C56400CC945C /* ShopProductFormView.swift in Sources */,
				AD15B3A527E59E5600513809 /* OrderSchema.swift in Sources */,
				02AD423D27DF293A00F44822 /* PSSecureField.swift in Sources */,
				ADAD29002807FE4500CDE510 /* CustomerSchema.swift in Sources */,
				AD15B39D27E465BD00513809 /* ShopSchema.swift in Sources */,
				027B44F027FC31A300A544E7 /* PSBadge.swift in Sources */,
				DF86A0DD27E7004700D8423C /* ImageLoader.swift in Sources */,
				ADAD9F3327DF7C3400DE0EE7 /* DatabaseError.swift in Sources */,
				ADAD9F0E27DA413B00DE0EE7 /* OrderProduct.swift in Sources */,
				ADAD28F427F4A0BB00CDE510 /* ProductOption.swift in Sources */,
				ADAD2904280A8A5300CDE510 /* LocationSchema.swift in Sources */,
				DF34150727F9C56400CC945C /* ShopFormView.swift in Sources */,
				DF67101E27DE769E002C5AE0 /* PSSearchBarView.swift in Sources */,
				AD15B3A327E59DF900513809 /* OrderProductSchema.swift in Sources */,
				02AD422327DF1D7200F44822 /* CustomerRootView.swift in Sources */,
				02AD423527DF28FD00F44822 /* PSTextField.swift in Sources */,
				DFD49A0927E5134D0067BC32 /* ProductsScrollView.swift in Sources */,
				022EA8C327E4D4C3003F4E3C /* ShopProfileScreen.swift in Sources */,
				AD15B3A927E5D2A600513809 /* DBStorage.swift in Sources */,
				2B4AA4C3280AB50E00F61438 /* CouponListView.swift in Sources */,
				DF0BA5EB2808890F00D58696 /* ShopListView.swift in Sources */,
				02AD421127DF1BDE00F44822 /* MainViewRouter.swift in Sources */,
				ADAD2902280A890600CDE510 /* ID.swift in Sources */,
				ADAD9EDB27D88C5B00DE0EE7 /* ContentView.swift in Sources */,
				AD15B3A127E46C9E00513809 /* DBProducts.swift in Sources */,
				02AD422C27DF1FC700F44822 /* LoginViewModel.swift in Sources */,
				ADAD9F2527DDDDD700DE0EE7 /* AuthError.swift in Sources */,
				02AD425F27E07F2800F44822 /* PSRadioButtonGroup.swift in Sources */,
				ADAD28FC2801834900CDE510 /* Location.swift in Sources */,
				ADAD28F627F4A0D400CDE510 /* CartProductSchema.swift in Sources */,
				ADAD9F2327DDDB3600DE0EE7 /* AuthAdapter.swift in Sources */,
				DF86A0DF27E70C7B00D8423C /* URLImage.swift in Sources */,
				DF86A0E127E7324000D8423C /* ProductOrderBar.swift in Sources */,
				022EA8BE27E4D47A003F4E3C /* ShopRootView.swift in Sources */,
				02AD41D027DEFCCE00F44822 /* Color+PocketShop.swift in Sources */,
				ADAD9F0827DA3C6200DE0EE7 /* Product.swift in Sources */,
				ADAD9F2927DDE68C00DE0EE7 /* DBUsers.swift in Sources */,
				DF67101B27DE6179002C5AE0 /* CustomerViewModel.swift in Sources */,
				DF0BA5E528087F3B00D58696 /* LocationsScrollView.swift in Sources */,
				022EA90427E731F0003F4E3C /* VendorViewModel.swift in Sources */,
				AD15B39F27E4673400513809 /* ProductSchema.swift in Sources */,
				ADAD9ED927D88C5B00DE0EE7 /* PocketShopApp.swift in Sources */,
				ADAD9F0C27DA3FDA00DE0EE7 /* OrderStatus.swift in Sources */,
				ADAD9F0627DA39AA00DE0EE7 /* Shop.swift in Sources */,
				02AD424227DF294C00F44822 /* PSButton.swift in Sources */,
				022EA8FF27E71FD8003F4E3C /* PSImagePicker.swift in Sources */,
				ADAD28FE2806C1F300CDE510 /* DBLocation.swift in Sources */,
				02AD41DD27DEFD0B00F44822 /* Constants.swift in Sources */,
				022EA8B927E4D437003F4E3C /* ShopViewRouter.swift in Sources */,
				ADAD2906280A8ABF00CDE510 /* VendorSchema.swift in Sources */,
				02AD421E27DF1D3100F44822 /* CustomerViewRouter.swift in Sources */,
				DF0BA5F12809862D00D58696 /* ShopProductListView.swift in Sources */,
				DF34150827F9C56400CC945C /* ShopProductsView.swift in Sources */,
				ADAD28F827F4A0F600CDE510 /* DBCart.swift in Sources */,
				DF0BA5EF2808BFFD00D58696 /* ProductDetailView.swift in Sources */,
			);
			runOnlyForDeploymentPostprocessing = 0;
		};
		ADAD9EE127D88C5D00DE0EE7 /* Sources */ = {
			isa = PBXSourcesBuildPhase;
			buildActionMask = 2147483647;
			files = (
				ADAD9EEA27D88C5D00DE0EE7 /* PocketShopTests.swift in Sources */,
			);
			runOnlyForDeploymentPostprocessing = 0;
		};
		ADAD9EEB27D88C5D00DE0EE7 /* Sources */ = {
			isa = PBXSourcesBuildPhase;
			buildActionMask = 2147483647;
			files = (
				ADAD9EF627D88C5D00DE0EE7 /* PocketShopUITestsLaunchTests.swift in Sources */,
				ADAD9EF427D88C5D00DE0EE7 /* PocketShopUITests.swift in Sources */,
			);
			runOnlyForDeploymentPostprocessing = 0;
		};
/* End PBXSourcesBuildPhase section */

/* Begin PBXTargetDependency section */
		ADAD9EE727D88C5D00DE0EE7 /* PBXTargetDependency */ = {
			isa = PBXTargetDependency;
			target = ADAD9ED427D88C5B00DE0EE7 /* PocketShop */;
			targetProxy = ADAD9EE627D88C5D00DE0EE7 /* PBXContainerItemProxy */;
		};
		ADAD9EF127D88C5D00DE0EE7 /* PBXTargetDependency */ = {
			isa = PBXTargetDependency;
			target = ADAD9ED427D88C5B00DE0EE7 /* PocketShop */;
			targetProxy = ADAD9EF027D88C5D00DE0EE7 /* PBXContainerItemProxy */;
		};
/* End PBXTargetDependency section */

/* Begin XCBuildConfiguration section */
		ADAD9EF727D88C5D00DE0EE7 /* Debug */ = {
			isa = XCBuildConfiguration;
			buildSettings = {
				ALWAYS_SEARCH_USER_PATHS = NO;
				CLANG_ANALYZER_NONNULL = YES;
				CLANG_ANALYZER_NUMBER_OBJECT_CONVERSION = YES_AGGRESSIVE;
				CLANG_CXX_LANGUAGE_STANDARD = "gnu++17";
				CLANG_CXX_LIBRARY = "libc++";
				CLANG_ENABLE_MODULES = YES;
				CLANG_ENABLE_OBJC_ARC = YES;
				CLANG_ENABLE_OBJC_WEAK = YES;
				CLANG_WARN_BLOCK_CAPTURE_AUTORELEASING = YES;
				CLANG_WARN_BOOL_CONVERSION = YES;
				CLANG_WARN_COMMA = YES;
				CLANG_WARN_CONSTANT_CONVERSION = YES;
				CLANG_WARN_DEPRECATED_OBJC_IMPLEMENTATIONS = YES;
				CLANG_WARN_DIRECT_OBJC_ISA_USAGE = YES_ERROR;
				CLANG_WARN_DOCUMENTATION_COMMENTS = YES;
				CLANG_WARN_EMPTY_BODY = YES;
				CLANG_WARN_ENUM_CONVERSION = YES;
				CLANG_WARN_INFINITE_RECURSION = YES;
				CLANG_WARN_INT_CONVERSION = YES;
				CLANG_WARN_NON_LITERAL_NULL_CONVERSION = YES;
				CLANG_WARN_OBJC_IMPLICIT_RETAIN_SELF = YES;
				CLANG_WARN_OBJC_LITERAL_CONVERSION = YES;
				CLANG_WARN_OBJC_ROOT_CLASS = YES_ERROR;
				CLANG_WARN_QUOTED_INCLUDE_IN_FRAMEWORK_HEADER = YES;
				CLANG_WARN_RANGE_LOOP_ANALYSIS = YES;
				CLANG_WARN_STRICT_PROTOTYPES = YES;
				CLANG_WARN_SUSPICIOUS_MOVE = YES;
				CLANG_WARN_UNGUARDED_AVAILABILITY = YES_AGGRESSIVE;
				CLANG_WARN_UNREACHABLE_CODE = YES;
				CLANG_WARN__DUPLICATE_METHOD_MATCH = YES;
				COPY_PHASE_STRIP = NO;
				DEBUG_INFORMATION_FORMAT = dwarf;
				ENABLE_STRICT_OBJC_MSGSEND = YES;
				ENABLE_TESTABILITY = YES;
				GCC_C_LANGUAGE_STANDARD = gnu11;
				GCC_DYNAMIC_NO_PIC = NO;
				GCC_NO_COMMON_BLOCKS = YES;
				GCC_OPTIMIZATION_LEVEL = 0;
				GCC_PREPROCESSOR_DEFINITIONS = (
					"DEBUG=1",
					"$(inherited)",
				);
				GCC_WARN_64_TO_32_BIT_CONVERSION = YES;
				GCC_WARN_ABOUT_RETURN_TYPE = YES_ERROR;
				GCC_WARN_UNDECLARED_SELECTOR = YES;
				GCC_WARN_UNINITIALIZED_AUTOS = YES_AGGRESSIVE;
				GCC_WARN_UNUSED_FUNCTION = YES;
				GCC_WARN_UNUSED_VARIABLE = YES;
				IPHONEOS_DEPLOYMENT_TARGET = 14.3;
				MTL_ENABLE_DEBUG_INFO = INCLUDE_SOURCE;
				MTL_FAST_MATH = YES;
				ONLY_ACTIVE_ARCH = YES;
				SDKROOT = iphoneos;
				SWIFT_ACTIVE_COMPILATION_CONDITIONS = DEBUG;
				SWIFT_OPTIMIZATION_LEVEL = "-Onone";
			};
			name = Debug;
		};
		ADAD9EF827D88C5D00DE0EE7 /* Release */ = {
			isa = XCBuildConfiguration;
			buildSettings = {
				ALWAYS_SEARCH_USER_PATHS = NO;
				CLANG_ANALYZER_NONNULL = YES;
				CLANG_ANALYZER_NUMBER_OBJECT_CONVERSION = YES_AGGRESSIVE;
				CLANG_CXX_LANGUAGE_STANDARD = "gnu++17";
				CLANG_CXX_LIBRARY = "libc++";
				CLANG_ENABLE_MODULES = YES;
				CLANG_ENABLE_OBJC_ARC = YES;
				CLANG_ENABLE_OBJC_WEAK = YES;
				CLANG_WARN_BLOCK_CAPTURE_AUTORELEASING = YES;
				CLANG_WARN_BOOL_CONVERSION = YES;
				CLANG_WARN_COMMA = YES;
				CLANG_WARN_CONSTANT_CONVERSION = YES;
				CLANG_WARN_DEPRECATED_OBJC_IMPLEMENTATIONS = YES;
				CLANG_WARN_DIRECT_OBJC_ISA_USAGE = YES_ERROR;
				CLANG_WARN_DOCUMENTATION_COMMENTS = YES;
				CLANG_WARN_EMPTY_BODY = YES;
				CLANG_WARN_ENUM_CONVERSION = YES;
				CLANG_WARN_INFINITE_RECURSION = YES;
				CLANG_WARN_INT_CONVERSION = YES;
				CLANG_WARN_NON_LITERAL_NULL_CONVERSION = YES;
				CLANG_WARN_OBJC_IMPLICIT_RETAIN_SELF = YES;
				CLANG_WARN_OBJC_LITERAL_CONVERSION = YES;
				CLANG_WARN_OBJC_ROOT_CLASS = YES_ERROR;
				CLANG_WARN_QUOTED_INCLUDE_IN_FRAMEWORK_HEADER = YES;
				CLANG_WARN_RANGE_LOOP_ANALYSIS = YES;
				CLANG_WARN_STRICT_PROTOTYPES = YES;
				CLANG_WARN_SUSPICIOUS_MOVE = YES;
				CLANG_WARN_UNGUARDED_AVAILABILITY = YES_AGGRESSIVE;
				CLANG_WARN_UNREACHABLE_CODE = YES;
				CLANG_WARN__DUPLICATE_METHOD_MATCH = YES;
				COPY_PHASE_STRIP = NO;
				DEBUG_INFORMATION_FORMAT = "dwarf-with-dsym";
				ENABLE_NS_ASSERTIONS = NO;
				ENABLE_STRICT_OBJC_MSGSEND = YES;
				GCC_C_LANGUAGE_STANDARD = gnu11;
				GCC_NO_COMMON_BLOCKS = YES;
				GCC_WARN_64_TO_32_BIT_CONVERSION = YES;
				GCC_WARN_ABOUT_RETURN_TYPE = YES_ERROR;
				GCC_WARN_UNDECLARED_SELECTOR = YES;
				GCC_WARN_UNINITIALIZED_AUTOS = YES_AGGRESSIVE;
				GCC_WARN_UNUSED_FUNCTION = YES;
				GCC_WARN_UNUSED_VARIABLE = YES;
				IPHONEOS_DEPLOYMENT_TARGET = 14.3;
				MTL_ENABLE_DEBUG_INFO = NO;
				MTL_FAST_MATH = YES;
				SDKROOT = iphoneos;
				SWIFT_COMPILATION_MODE = wholemodule;
				SWIFT_OPTIMIZATION_LEVEL = "-O";
				VALIDATE_PRODUCT = YES;
			};
			name = Release;
		};
		ADAD9EFA27D88C5D00DE0EE7 /* Debug */ = {
			isa = XCBuildConfiguration;
			buildSettings = {
				ASSETCATALOG_COMPILER_APPICON_NAME = AppIcon;
				ASSETCATALOG_COMPILER_GLOBAL_ACCENT_COLOR_NAME = AccentColor;
				CODE_SIGN_STYLE = Automatic;
				CURRENT_PROJECT_VERSION = 1;
				DEVELOPMENT_ASSET_PATHS = "\"PocketShop/Preview Content\"";
				DEVELOPMENT_TEAM = T92Z9YF2T5;
				ENABLE_PREVIEWS = YES;
				GENERATE_INFOPLIST_FILE = YES;
				INFOPLIST_FILE = "$(SRCROOT)/PocketShop/Info.plist";
				INFOPLIST_KEY_UIApplicationSceneManifest_Generation = YES;
				INFOPLIST_KEY_UIApplicationSupportsIndirectInputEvents = YES;
				INFOPLIST_KEY_UILaunchScreen_Generation = YES;
				INFOPLIST_KEY_UISupportedInterfaceOrientations_iPad = "UIInterfaceOrientationPortrait UIInterfaceOrientationPortraitUpsideDown UIInterfaceOrientationLandscapeLeft UIInterfaceOrientationLandscapeRight";
				INFOPLIST_KEY_UISupportedInterfaceOrientations_iPhone = "UIInterfaceOrientationPortrait UIInterfaceOrientationLandscapeLeft UIInterfaceOrientationLandscapeRight";
				LD_RUNPATH_SEARCH_PATHS = (
					"$(inherited)",
					"@executable_path/Frameworks",
				);
				MARKETING_VERSION = 1.0;
				PRODUCT_BUNDLE_IDENTIFIER = PocketShop.PocketShop;
				PRODUCT_NAME = "$(TARGET_NAME)";
				SWIFT_EMIT_LOC_STRINGS = YES;
				SWIFT_VERSION = 5.0;
				TARGETED_DEVICE_FAMILY = "1,2";
			};
			name = Debug;
		};
		ADAD9EFB27D88C5D00DE0EE7 /* Release */ = {
			isa = XCBuildConfiguration;
			buildSettings = {
				ASSETCATALOG_COMPILER_APPICON_NAME = AppIcon;
				ASSETCATALOG_COMPILER_GLOBAL_ACCENT_COLOR_NAME = AccentColor;
				CODE_SIGN_STYLE = Automatic;
				CURRENT_PROJECT_VERSION = 1;
				DEVELOPMENT_ASSET_PATHS = "\"PocketShop/Preview Content\"";
				DEVELOPMENT_TEAM = T92Z9YF2T5;
				ENABLE_PREVIEWS = YES;
				GENERATE_INFOPLIST_FILE = YES;
				INFOPLIST_FILE = "$(SRCROOT)/PocketShop/Info.plist";
				INFOPLIST_KEY_UIApplicationSceneManifest_Generation = YES;
				INFOPLIST_KEY_UIApplicationSupportsIndirectInputEvents = YES;
				INFOPLIST_KEY_UILaunchScreen_Generation = YES;
				INFOPLIST_KEY_UISupportedInterfaceOrientations_iPad = "UIInterfaceOrientationPortrait UIInterfaceOrientationPortraitUpsideDown UIInterfaceOrientationLandscapeLeft UIInterfaceOrientationLandscapeRight";
				INFOPLIST_KEY_UISupportedInterfaceOrientations_iPhone = "UIInterfaceOrientationPortrait UIInterfaceOrientationLandscapeLeft UIInterfaceOrientationLandscapeRight";
				LD_RUNPATH_SEARCH_PATHS = (
					"$(inherited)",
					"@executable_path/Frameworks",
				);
				MARKETING_VERSION = 1.0;
				PRODUCT_BUNDLE_IDENTIFIER = PocketShop.PocketShop;
				PRODUCT_NAME = "$(TARGET_NAME)";
				SWIFT_EMIT_LOC_STRINGS = YES;
				SWIFT_VERSION = 5.0;
				TARGETED_DEVICE_FAMILY = "1,2";
			};
			name = Release;
		};
		ADAD9EFD27D88C5D00DE0EE7 /* Debug */ = {
			isa = XCBuildConfiguration;
			buildSettings = {
				ALWAYS_EMBED_SWIFT_STANDARD_LIBRARIES = YES;
				BUNDLE_LOADER = "$(TEST_HOST)";
				CODE_SIGN_STYLE = Automatic;
				CURRENT_PROJECT_VERSION = 1;
				GENERATE_INFOPLIST_FILE = YES;
				IPHONEOS_DEPLOYMENT_TARGET = 14.3;
				MARKETING_VERSION = 1.0;
				PRODUCT_BUNDLE_IDENTIFIER = PocketShop.PocketShopTests;
				PRODUCT_NAME = "$(TARGET_NAME)";
				SWIFT_EMIT_LOC_STRINGS = NO;
				SWIFT_VERSION = 5.0;
				TARGETED_DEVICE_FAMILY = "1,2";
				TEST_HOST = "$(BUILT_PRODUCTS_DIR)/PocketShop.app/PocketShop";
			};
			name = Debug;
		};
		ADAD9EFE27D88C5D00DE0EE7 /* Release */ = {
			isa = XCBuildConfiguration;
			buildSettings = {
				ALWAYS_EMBED_SWIFT_STANDARD_LIBRARIES = YES;
				BUNDLE_LOADER = "$(TEST_HOST)";
				CODE_SIGN_STYLE = Automatic;
				CURRENT_PROJECT_VERSION = 1;
				GENERATE_INFOPLIST_FILE = YES;
				IPHONEOS_DEPLOYMENT_TARGET = 14.3;
				MARKETING_VERSION = 1.0;
				PRODUCT_BUNDLE_IDENTIFIER = PocketShop.PocketShopTests;
				PRODUCT_NAME = "$(TARGET_NAME)";
				SWIFT_EMIT_LOC_STRINGS = NO;
				SWIFT_VERSION = 5.0;
				TARGETED_DEVICE_FAMILY = "1,2";
				TEST_HOST = "$(BUILT_PRODUCTS_DIR)/PocketShop.app/PocketShop";
			};
			name = Release;
		};
		ADAD9F0027D88C5D00DE0EE7 /* Debug */ = {
			isa = XCBuildConfiguration;
			buildSettings = {
				ALWAYS_EMBED_SWIFT_STANDARD_LIBRARIES = YES;
				CODE_SIGN_STYLE = Automatic;
				CURRENT_PROJECT_VERSION = 1;
				GENERATE_INFOPLIST_FILE = YES;
				MARKETING_VERSION = 1.0;
				PRODUCT_BUNDLE_IDENTIFIER = PocketShop.PocketShopUITests;
				PRODUCT_NAME = "$(TARGET_NAME)";
				SWIFT_EMIT_LOC_STRINGS = NO;
				SWIFT_VERSION = 5.0;
				TARGETED_DEVICE_FAMILY = "1,2";
				TEST_TARGET_NAME = PocketShop;
			};
			name = Debug;
		};
		ADAD9F0127D88C5D00DE0EE7 /* Release */ = {
			isa = XCBuildConfiguration;
			buildSettings = {
				ALWAYS_EMBED_SWIFT_STANDARD_LIBRARIES = YES;
				CODE_SIGN_STYLE = Automatic;
				CURRENT_PROJECT_VERSION = 1;
				GENERATE_INFOPLIST_FILE = YES;
				MARKETING_VERSION = 1.0;
				PRODUCT_BUNDLE_IDENTIFIER = PocketShop.PocketShopUITests;
				PRODUCT_NAME = "$(TARGET_NAME)";
				SWIFT_EMIT_LOC_STRINGS = NO;
				SWIFT_VERSION = 5.0;
				TARGETED_DEVICE_FAMILY = "1,2";
				TEST_TARGET_NAME = PocketShop;
			};
			name = Release;
		};
/* End XCBuildConfiguration section */

/* Begin XCConfigurationList section */
		ADAD9ED027D88C5A00DE0EE7 /* Build configuration list for PBXProject "PocketShop" */ = {
			isa = XCConfigurationList;
			buildConfigurations = (
				ADAD9EF727D88C5D00DE0EE7 /* Debug */,
				ADAD9EF827D88C5D00DE0EE7 /* Release */,
			);
			defaultConfigurationIsVisible = 0;
			defaultConfigurationName = Release;
		};
		ADAD9EF927D88C5D00DE0EE7 /* Build configuration list for PBXNativeTarget "PocketShop" */ = {
			isa = XCConfigurationList;
			buildConfigurations = (
				ADAD9EFA27D88C5D00DE0EE7 /* Debug */,
				ADAD9EFB27D88C5D00DE0EE7 /* Release */,
			);
			defaultConfigurationIsVisible = 0;
			defaultConfigurationName = Release;
		};
		ADAD9EFC27D88C5D00DE0EE7 /* Build configuration list for PBXNativeTarget "PocketShopTests" */ = {
			isa = XCConfigurationList;
			buildConfigurations = (
				ADAD9EFD27D88C5D00DE0EE7 /* Debug */,
				ADAD9EFE27D88C5D00DE0EE7 /* Release */,
			);
			defaultConfigurationIsVisible = 0;
			defaultConfigurationName = Release;
		};
		ADAD9EFF27D88C5D00DE0EE7 /* Build configuration list for PBXNativeTarget "PocketShopUITests" */ = {
			isa = XCConfigurationList;
			buildConfigurations = (
				ADAD9F0027D88C5D00DE0EE7 /* Debug */,
				ADAD9F0127D88C5D00DE0EE7 /* Release */,
			);
			defaultConfigurationIsVisible = 0;
			defaultConfigurationName = Release;
		};
/* End XCConfigurationList section */

/* Begin XCRemoteSwiftPackageReference section */
		ADAD9F1527DCC94800DE0EE7 /* XCRemoteSwiftPackageReference "firebase-ios-sdk" */ = {
			isa = XCRemoteSwiftPackageReference;
			repositoryURL = "https://github.com/firebase/firebase-ios-sdk";
			requirement = {
				kind = upToNextMajorVersion;
				minimumVersion = 8.0.0;
			};
		};
/* End XCRemoteSwiftPackageReference section */

/* Begin XCSwiftPackageProductDependency section */
		ADAD9F1627DCC94800DE0EE7 /* FirebaseAuth */ = {
			isa = XCSwiftPackageProductDependency;
			package = ADAD9F1527DCC94800DE0EE7 /* XCRemoteSwiftPackageReference "firebase-ios-sdk" */;
			productName = FirebaseAuth;
		};
		ADAD9F1827DCC94800DE0EE7 /* FirebaseDatabase */ = {
			isa = XCSwiftPackageProductDependency;
			package = ADAD9F1527DCC94800DE0EE7 /* XCRemoteSwiftPackageReference "firebase-ios-sdk" */;
			productName = FirebaseDatabase;
		};
		ADAD9F1A27DCC94800DE0EE7 /* FirebaseStorage */ = {
			isa = XCSwiftPackageProductDependency;
			package = ADAD9F1527DCC94800DE0EE7 /* XCRemoteSwiftPackageReference "firebase-ios-sdk" */;
			productName = FirebaseStorage;
		};
/* End XCSwiftPackageProductDependency section */
	};
	rootObject = ADAD9ECD27D88C5A00DE0EE7 /* Project object */;
}
